// !$*UTF8*$!
{
	archiveVersion = 1;
	classes = {
	};
	objectVersion = 56;
	objects = {

/* Begin PBXBuildFile section */
		70BE03F9299C277D008BF35F /* TestApp1App.swift in Sources */ = {isa = PBXBuildFile; fileRef = 70BE03F8299C277D008BF35F /* TestApp1App.swift */; };
		70BE03FB299C277D008BF35F /* ContentView.swift in Sources */ = {isa = PBXBuildFile; fileRef = 70BE03FA299C277D008BF35F /* ContentView.swift */; };
		70BE03FD299C2781008BF35F /* Assets.xcassets in Resources */ = {isa = PBXBuildFile; fileRef = 70BE03FC299C2781008BF35F /* Assets.xcassets */; };
		70BE0401299C2781008BF35F /* Preview Assets.xcassets in Resources */ = {isa = PBXBuildFile; fileRef = 70BE0400299C2781008BF35F /* Preview Assets.xcassets */; };
		70BE040B299C2781008BF35F /* TestApp1Tests.swift in Sources */ = {isa = PBXBuildFile; fileRef = 70BE040A299C2781008BF35F /* TestApp1Tests.swift */; };
		70BE0415299C2781008BF35F /* TestApp1UITests.swift in Sources */ = {isa = PBXBuildFile; fileRef = 70BE0414299C2781008BF35F /* TestApp1UITests.swift */; };
		70BE0417299C2781008BF35F /* TestApp1UITestsLaunchTests.swift in Sources */ = {isa = PBXBuildFile; fileRef = 70BE0416299C2781008BF35F /* TestApp1UITestsLaunchTests.swift */; };
/* End PBXBuildFile section */

/* Begin PBXContainerItemProxy section */
		70BE0407299C2781008BF35F /* PBXContainerItemProxy */ = {
			isa = PBXContainerItemProxy;
			containerPortal = 70BE03ED299C277D008BF35F /* Project object */;
			proxyType = 1;
			remoteGlobalIDString = 70BE03F4299C277D008BF35F;
			remoteInfo = TestApp1;
		};
		70BE0411299C2781008BF35F /* PBXContainerItemProxy */ = {
			isa = PBXContainerItemProxy;
			containerPortal = 70BE03ED299C277D008BF35F /* Project object */;
			proxyType = 1;
			remoteGlobalIDString = 70BE03F4299C277D008BF35F;
			remoteInfo = TestApp1;
		};
/* End PBXContainerItemProxy section */

/* Begin PBXFileReference section */
		70BE03F5299C277D008BF35F /* TestApp1.app */ = {isa = PBXFileReference; explicitFileType = wrapper.application; includeInIndex = 0; path = TestApp1.app; sourceTree = BUILT_PRODUCTS_DIR; };
		70BE03F8299C277D008BF35F /* TestApp1App.swift */ = {isa = PBXFileReference; lastKnownFileType = sourcecode.swift; path = TestApp1App.swift; sourceTree = "<group>"; };
		70BE03FA299C277D008BF35F /* ContentView.swift */ = {isa = PBXFileReference; lastKnownFileType = sourcecode.swift; path = ContentView.swift; sourceTree = "<group>"; };
		70BE03FC299C2781008BF35F /* Assets.xcassets */ = {isa = PBXFileReference; lastKnownFileType = folder.assetcatalog; path = Assets.xcassets; sourceTree = "<group>"; };
		70BE03FE299C2781008BF35F /* TestApp1.entitlements */ = {isa = PBXFileReference; lastKnownFileType = text.plist.entitlements; path = TestApp1.entitlements; sourceTree = "<group>"; };
		70BE0400299C2781008BF35F /* Preview Assets.xcassets */ = {isa = PBXFileReference; lastKnownFileType = folder.assetcatalog; path = "Preview Assets.xcassets"; sourceTree = "<group>"; };
		70BE0406299C2781008BF35F /* TestApp1Tests.xctest */ = {isa = PBXFileReference; explicitFileType = wrapper.cfbundle; includeInIndex = 0; path = TestApp1Tests.xctest; sourceTree = BUILT_PRODUCTS_DIR; };
		70BE040A299C2781008BF35F /* TestApp1Tests.swift */ = {isa = PBXFileReference; lastKnownFileType = sourcecode.swift; path = TestApp1Tests.swift; sourceTree = "<group>"; };
		70BE0410299C2781008BF35F /* TestApp1UITests.xctest */ = {isa = PBXFileReference; explicitFileType = wrapper.cfbundle; includeInIndex = 0; path = TestApp1UITests.xctest; sourceTree = BUILT_PRODUCTS_DIR; };
		70BE0414299C2781008BF35F /* TestApp1UITests.swift */ = {isa = PBXFileReference; lastKnownFileType = sourcecode.swift; path = TestApp1UITests.swift; sourceTree = "<group>"; };
		70BE0416299C2781008BF35F /* TestApp1UITestsLaunchTests.swift */ = {isa = PBXFileReference; lastKnownFileType = sourcecode.swift; path = TestApp1UITestsLaunchTests.swift; sourceTree = "<group>"; };
/* End PBXFileReference section */

/* Begin PBXFrameworksBuildPhase section */
		70BE03F2299C277D008BF35F /* Frameworks */ = {
			isa = PBXFrameworksBuildPhase;
			buildActionMask = 2147483647;
			files = (
			);
			runOnlyForDeploymentPostprocessing = 0;
		};
		70BE0403299C2781008BF35F /* Frameworks */ = {
			isa = PBXFrameworksBuildPhase;
			buildActionMask = 2147483647;
			files = (
			);
			runOnlyForDeploymentPostprocessing = 0;
		};
		70BE040D299C2781008BF35F /* Frameworks */ = {
			isa = PBXFrameworksBuildPhase;
			buildActionMask = 2147483647;
			files = (
			);
			runOnlyForDeploymentPostprocessing = 0;
		};
/* End PBXFrameworksBuildPhase section */

/* Begin PBXGroup section */
		70BE03EC299C277D008BF35F = {
			isa = PBXGroup;
			children = (
				70BE03F7299C277D008BF35F /* TestApp1 */,
				70BE0409299C2781008BF35F /* TestApp1Tests */,
				70BE0413299C2781008BF35F /* TestApp1UITests */,
				70BE03F6299C277D008BF35F /* Products */,
			);
			sourceTree = "<group>";
		};
		70BE03F6299C277D008BF35F /* Products */ = {
			isa = PBXGroup;
			children = (
				70BE03F5299C277D008BF35F /* TestApp1.app */,
				70BE0406299C2781008BF35F /* TestApp1Tests.xctest */,
				70BE0410299C2781008BF35F /* TestApp1UITests.xctest */,
			);
			name = Products;
			sourceTree = "<group>";
		};
		70BE03F7299C277D008BF35F /* TestApp1 */ = {
			isa = PBXGroup;
			children = (
				70BE03F8299C277D008BF35F /* TestApp1App.swift */,
				70BE03FA299C277D008BF35F /* ContentView.swift */,
				70BE03FC299C2781008BF35F /* Assets.xcassets */,
				70BE03FE299C2781008BF35F /* TestApp1.entitlements */,
				70BE03FF299C2781008BF35F /* Preview Content */,
			);
			path = TestApp1;
			sourceTree = "<group>";
		};
		70BE03FF299C2781008BF35F /* Preview Content */ = {
			isa = PBXGroup;
			children = (
				70BE0400299C2781008BF35F /* Preview Assets.xcassets */,
			);
			path = "Preview Content";
			sourceTree = "<group>";
		};
		70BE0409299C2781008BF35F /* TestApp1Tests */ = {
			isa = PBXGroup;
			children = (
				70BE040A299C2781008BF35F /* TestApp1Tests.swift */,
			);
			path = TestApp1Tests;
			sourceTree = "<group>";
		};
		70BE0413299C2781008BF35F /* TestApp1UITests */ = {
			isa = PBXGroup;
			children = (
				70BE0414299C2781008BF35F /* TestApp1UITests.swift */,
				70BE0416299C2781008BF35F /* TestApp1UITestsLaunchTests.swift */,
			);
			path = TestApp1UITests;
			sourceTree = "<group>";
		};
/* End PBXGroup section */

/* Begin PBXNativeTarget section */
		70BE03F4299C277D008BF35F /* TestApp1 */ = {
			isa = PBXNativeTarget;
			buildConfigurationList = 70BE041A299C2781008BF35F /* Build configuration list for PBXNativeTarget "TestApp1" */;
			buildPhases = (
				70BE03F1299C277D008BF35F /* Sources */,
				70BE03F2299C277D008BF35F /* Frameworks */,
				70BE03F3299C277D008BF35F /* Resources */,
			);
			buildRules = (
			);
			dependencies = (
			);
			name = TestApp1;
			productName = TestApp1;
			productReference = 70BE03F5299C277D008BF35F /* TestApp1.app */;
			productType = "com.apple.product-type.application";
		};
		70BE0405299C2781008BF35F /* TestApp1Tests */ = {
			isa = PBXNativeTarget;
			buildConfigurationList = 70BE041D299C2781008BF35F /* Build configuration list for PBXNativeTarget "TestApp1Tests" */;
			buildPhases = (
				70BE0402299C2781008BF35F /* Sources */,
				70BE0403299C2781008BF35F /* Frameworks */,
				70BE0404299C2781008BF35F /* Resources */,
			);
			buildRules = (
			);
			dependencies = (
				70BE0408299C2781008BF35F /* PBXTargetDependency */,
			);
			name = TestApp1Tests;
			productName = TestApp1Tests;
			productReference = 70BE0406299C2781008BF35F /* TestApp1Tests.xctest */;
			productType = "com.apple.product-type.bundle.unit-test";
		};
		70BE040F299C2781008BF35F /* TestApp1UITests */ = {
			isa = PBXNativeTarget;
			buildConfigurationList = 70BE0420299C2781008BF35F /* Build configuration list for PBXNativeTarget "TestApp1UITests" */;
			buildPhases = (
				70BE040C299C2781008BF35F /* Sources */,
				70BE040D299C2781008BF35F /* Frameworks */,
				70BE040E299C2781008BF35F /* Resources */,
			);
			buildRules = (
			);
			dependencies = (
				70BE0412299C2781008BF35F /* PBXTargetDependency */,
			);
			name = TestApp1UITests;
			productName = TestApp1UITests;
			productReference = 70BE0410299C2781008BF35F /* TestApp1UITests.xctest */;
			productType = "com.apple.product-type.bundle.ui-testing";
		};
/* End PBXNativeTarget section */

/* Begin PBXProject section */
		70BE03ED299C277D008BF35F /* Project object */ = {
			isa = PBXProject;
			attributes = {
				BuildIndependentTargetsInParallel = 1;
				LastSwiftUpdateCheck = 1420;
				LastUpgradeCheck = 1420;
				TargetAttributes = {
					70BE03F4299C277D008BF35F = {
						CreatedOnToolsVersion = 14.2;
					};
					70BE0405299C2781008BF35F = {
						CreatedOnToolsVersion = 14.2;
						TestTargetID = 70BE03F4299C277D008BF35F;
					};
					70BE040F299C2781008BF35F = {
						CreatedOnToolsVersion = 14.2;
						TestTargetID = 70BE03F4299C277D008BF35F;
					};
				};
			};
			buildConfigurationList = 70BE03F0299C277D008BF35F /* Build configuration list for PBXProject "TestApp1" */;
			compatibilityVersion = "Xcode 14.0";
			developmentRegion = en;
			hasScannedForEncodings = 0;
			knownRegions = (
				en,
				Base,
			);
			mainGroup = 70BE03EC299C277D008BF35F;
			productRefGroup = 70BE03F6299C277D008BF35F /* Products */;
			projectDirPath = "";
			projectRoot = "";
			targets = (
				70BE03F4299C277D008BF35F /* TestApp1 */,
				70BE0405299C2781008BF35F /* TestApp1Tests */,
				70BE040F299C2781008BF35F /* TestApp1UITests */,
			);
		};
/* End PBXProject section */

/* Begin PBXResourcesBuildPhase section */
		70BE03F3299C277D008BF35F /* Resources */ = {
			isa = PBXResourcesBuildPhase;
			buildActionMask = 2147483647;
			files = (
				70BE0401299C2781008BF35F /* Preview Assets.xcassets in Resources */,
				70BE03FD299C2781008BF35F /* Assets.xcassets in Resources */,
			);
			runOnlyForDeploymentPostprocessing = 0;
		};
		70BE0404299C2781008BF35F /* Resources */ = {
			isa = PBXResourcesBuildPhase;
			buildActionMask = 2147483647;
			files = (
			);
			runOnlyForDeploymentPostprocessing = 0;
		};
		70BE040E299C2781008BF35F /* Resources */ = {
			isa = PBXResourcesBuildPhase;
			buildActionMask = 2147483647;
			files = (
			);
			runOnlyForDeploymentPostprocessing = 0;
		};
/* End PBXResourcesBuildPhase section */

/* Begin PBXSourcesBuildPhase section */
		70BE03F1299C277D008BF35F /* Sources */ = {
			isa = PBXSourcesBuildPhase;
			buildActionMask = 2147483647;
			files = (
				70BE03FB299C277D008BF35F /* ContentView.swift in Sources */,
				70BE03F9299C277D008BF35F /* TestApp1App.swift in Sources */,
			);
			runOnlyForDeploymentPostprocessing = 0;
		};
		70BE0402299C2781008BF35F /* Sources */ = {
			isa = PBXSourcesBuildPhase;
			buildActionMask = 2147483647;
			files = (
				70BE040B299C2781008BF35F /* TestApp1Tests.swift in Sources */,
			);
			runOnlyForDeploymentPostprocessing = 0;
		};
		70BE040C299C2781008BF35F /* Sources */ = {
			isa = PBXSourcesBuildPhase;
			buildActionMask = 2147483647;
			files = (
				70BE0417299C2781008BF35F /* TestApp1UITestsLaunchTests.swift in Sources */,
				70BE0415299C2781008BF35F /* TestApp1UITests.swift in Sources */,
			);
			runOnlyForDeploymentPostprocessing = 0;
		};
/* End PBXSourcesBuildPhase section */

/* Begin PBXTargetDependency section */
		70BE0408299C2781008BF35F /* PBXTargetDependency */ = {
			isa = PBXTargetDependency;
			target = 70BE03F4299C277D008BF35F /* TestApp1 */;
			targetProxy = 70BE0407299C2781008BF35F /* PBXContainerItemProxy */;
		};
		70BE0412299C2781008BF35F /* PBXTargetDependency */ = {
			isa = PBXTargetDependency;
			target = 70BE03F4299C277D008BF35F /* TestApp1 */;
			targetProxy = 70BE0411299C2781008BF35F /* PBXContainerItemProxy */;
		};
/* End PBXTargetDependency section */

/* Begin XCBuildConfiguration section */
		70BE0418299C2781008BF35F /* Debug */ = {
			isa = XCBuildConfiguration;
			buildSettings = {
				ALWAYS_SEARCH_USER_PATHS = NO;
				CLANG_ANALYZER_NONNULL = YES;
				CLANG_ANALYZER_NUMBER_OBJECT_CONVERSION = YES_AGGRESSIVE;
				CLANG_CXX_LANGUAGE_STANDARD = "gnu++20";
				CLANG_ENABLE_MODULES = YES;
				CLANG_ENABLE_OBJC_ARC = YES;
				CLANG_ENABLE_OBJC_WEAK = YES;
				CLANG_WARN_BLOCK_CAPTURE_AUTORELEASING = YES;
				CLANG_WARN_BOOL_CONVERSION = YES;
				CLANG_WARN_COMMA = YES;
				CLANG_WARN_CONSTANT_CONVERSION = YES;
				CLANG_WARN_DEPRECATED_OBJC_IMPLEMENTATIONS = YES;
				CLANG_WARN_DIRECT_OBJC_ISA_USAGE = YES_ERROR;
				CLANG_WARN_DOCUMENTATION_COMMENTS = YES;
				CLANG_WARN_EMPTY_BODY = YES;
				CLANG_WARN_ENUM_CONVERSION = YES;
				CLANG_WARN_INFINITE_RECURSION = YES;
				CLANG_WARN_INT_CONVERSION = YES;
				CLANG_WARN_NON_LITERAL_NULL_CONVERSION = YES;
				CLANG_WARN_OBJC_IMPLICIT_RETAIN_SELF = YES;
				CLANG_WARN_OBJC_LITERAL_CONVERSION = YES;
				CLANG_WARN_OBJC_ROOT_CLASS = YES_ERROR;
				CLANG_WARN_QUOTED_INCLUDE_IN_FRAMEWORK_HEADER = YES;
				CLANG_WARN_RANGE_LOOP_ANALYSIS = YES;
				CLANG_WARN_STRICT_PROTOTYPES = YES;
				CLANG_WARN_SUSPICIOUS_MOVE = YES;
				CLANG_WARN_UNGUARDED_AVAILABILITY = YES_AGGRESSIVE;
				CLANG_WARN_UNREACHABLE_CODE = YES;
				CLANG_WARN__DUPLICATE_METHOD_MATCH = YES;
				COPY_PHASE_STRIP = NO;
				DEBUG_INFORMATION_FORMAT = dwarf;
				ENABLE_STRICT_OBJC_MSGSEND = YES;
				ENABLE_TESTABILITY = YES;
				GCC_C_LANGUAGE_STANDARD = gnu11;
				GCC_DYNAMIC_NO_PIC = NO;
				GCC_NO_COMMON_BLOCKS = YES;
				GCC_OPTIMIZATION_LEVEL = 0;
				GCC_PREPROCESSOR_DEFINITIONS = (
					"DEBUG=1",
					"$(inherited)",
				);
				GCC_WARN_64_TO_32_BIT_CONVERSION = YES;
				GCC_WARN_ABOUT_RETURN_TYPE = YES_ERROR;
				GCC_WARN_UNDECLARED_SELECTOR = YES;
				GCC_WARN_UNINITIALIZED_AUTOS = YES_AGGRESSIVE;
				GCC_WARN_UNUSED_FUNCTION = YES;
				GCC_WARN_UNUSED_VARIABLE = YES;
				MTL_ENABLE_DEBUG_INFO = INCLUDE_SOURCE;
				MTL_FAST_MATH = YES;
				ONLY_ACTIVE_ARCH = YES;
				SWIFT_ACTIVE_COMPILATION_CONDITIONS = DEBUG;
				SWIFT_OPTIMIZATION_LEVEL = "-Onone";
			};
			name = Debug;
		};
		70BE0419299C2781008BF35F /* Release */ = {
			isa = XCBuildConfiguration;
			buildSettings = {
				ALWAYS_SEARCH_USER_PATHS = NO;
				CLANG_ANALYZER_NONNULL = YES;
				CLANG_ANALYZER_NUMBER_OBJECT_CONVERSION = YES_AGGRESSIVE;
				CLANG_CXX_LANGUAGE_STANDARD = "gnu++20";
				CLANG_ENABLE_MODULES = YES;
				CLANG_ENABLE_OBJC_ARC = YES;
				CLANG_ENABLE_OBJC_WEAK = YES;
				CLANG_WARN_BLOCK_CAPTURE_AUTORELEASING = YES;
				CLANG_WARN_BOOL_CONVERSION = YES;
				CLANG_WARN_COMMA = YES;
				CLANG_WARN_CONSTANT_CONVERSION = YES;
				CLANG_WARN_DEPRECATED_OBJC_IMPLEMENTATIONS = YES;
				CLANG_WARN_DIRECT_OBJC_ISA_USAGE = YES_ERROR;
				CLANG_WARN_DOCUMENTATION_COMMENTS = YES;
				CLANG_WARN_EMPTY_BODY = YES;
				CLANG_WARN_ENUM_CONVERSION = YES;
				CLANG_WARN_INFINITE_RECURSION = YES;
				CLANG_WARN_INT_CONVERSION = YES;
				CLANG_WARN_NON_LITERAL_NULL_CONVERSION = YES;
				CLANG_WARN_OBJC_IMPLICIT_RETAIN_SELF = YES;
				CLANG_WARN_OBJC_LITERAL_CONVERSION = YES;
				CLANG_WARN_OBJC_ROOT_CLASS = YES_ERROR;
				CLANG_WARN_QUOTED_INCLUDE_IN_FRAMEWORK_HEADER = YES;
				CLANG_WARN_RANGE_LOOP_ANALYSIS = YES;
				CLANG_WARN_STRICT_PROTOTYPES = YES;
				CLANG_WARN_SUSPICIOUS_MOVE = YES;
				CLANG_WARN_UNGUARDED_AVAILABILITY = YES_AGGRESSIVE;
				CLANG_WARN_UNREACHABLE_CODE = YES;
				CLANG_WARN__DUPLICATE_METHOD_MATCH = YES;
				COPY_PHASE_STRIP = NO;
				DEBUG_INFORMATION_FORMAT = "dwarf-with-dsym";
				ENABLE_NS_ASSERTIONS = NO;
				ENABLE_STRICT_OBJC_MSGSEND = YES;
				GCC_C_LANGUAGE_STANDARD = gnu11;
				GCC_NO_COMMON_BLOCKS = YES;
				GCC_WARN_64_TO_32_BIT_CONVERSION = YES;
				GCC_WARN_ABOUT_RETURN_TYPE = YES_ERROR;
				GCC_WARN_UNDECLARED_SELECTOR = YES;
				GCC_WARN_UNINITIALIZED_AUTOS = YES_AGGRESSIVE;
				GCC_WARN_UNUSED_FUNCTION = YES;
				GCC_WARN_UNUSED_VARIABLE = YES;
				MTL_ENABLE_DEBUG_INFO = NO;
				MTL_FAST_MATH = YES;
				SWIFT_COMPILATION_MODE = wholemodule;
				SWIFT_OPTIMIZATION_LEVEL = "-O";
			};
			name = Release;
		};
		70BE041B299C2781008BF35F /* Debug */ = {
			isa = XCBuildConfiguration;
			buildSettings = {
				ASSETCATALOG_COMPILER_APPICON_NAME = AppIcon;
				ASSETCATALOG_COMPILER_GLOBAL_ACCENT_COLOR_NAME = AccentColor;
				CODE_SIGN_ENTITLEMENTS = TestApp1/TestApp1.entitlements;
				CODE_SIGN_STYLE = Automatic;
				CURRENT_PROJECT_VERSION = 1;
				DEVELOPMENT_ASSET_PATHS = "\"TestApp1/Preview Content\"";
				ENABLE_PREVIEWS = YES;
				GENERATE_INFOPLIST_FILE = YES;
				"INFOPLIST_KEY_UIApplicationSceneManifest_Generation[sdk=iphoneos*]" = YES;
				"INFOPLIST_KEY_UIApplicationSceneManifest_Generation[sdk=iphonesimulator*]" = YES;
				"INFOPLIST_KEY_UIApplicationSupportsIndirectInputEvents[sdk=iphoneos*]" = YES;
				"INFOPLIST_KEY_UIApplicationSupportsIndirectInputEvents[sdk=iphonesimulator*]" = YES;
				"INFOPLIST_KEY_UILaunchScreen_Generation[sdk=iphoneos*]" = YES;
				"INFOPLIST_KEY_UILaunchScreen_Generation[sdk=iphonesimulator*]" = YES;
				"INFOPLIST_KEY_UIStatusBarStyle[sdk=iphoneos*]" = UIStatusBarStyleDefault;
				"INFOPLIST_KEY_UIStatusBarStyle[sdk=iphonesimulator*]" = UIStatusBarStyleDefault;
				INFOPLIST_KEY_UISupportedInterfaceOrientations_iPad = "UIInterfaceOrientationPortrait UIInterfaceOrientationPortraitUpsideDown UIInterfaceOrientationLandscapeLeft UIInterfaceOrientationLandscapeRight";
				INFOPLIST_KEY_UISupportedInterfaceOrientations_iPhone = "UIInterfaceOrientationPortrait UIInterfaceOrientationLandscapeLeft UIInterfaceOrientationLandscapeRight";
				IPHONEOS_DEPLOYMENT_TARGET = 16.2;
				LD_RUNPATH_SEARCH_PATHS = "@executable_path/Frameworks";
				"LD_RUNPATH_SEARCH_PATHS[sdk=macosx*]" = "@executable_path/../Frameworks";
				MACOSX_DEPLOYMENT_TARGET = 13.1;
				MARKETING_VERSION = 1.0;
				PRODUCT_BUNDLE_IDENTIFIER = Mingren.TestApp1;
				PRODUCT_NAME = "$(TARGET_NAME)";
				SDKROOT = auto;
				SUPPORTED_PLATFORMS = "iphoneos iphonesimulator macosx";
				SWIFT_EMIT_LOC_STRINGS = YES;
				SWIFT_VERSION = 5.0;
				TARGETED_DEVICE_FAMILY = "1,2";
			};
			name = Debug;
		};
		70BE041C299C2781008BF35F /* Release */ = {
			isa = XCBuildConfiguration;
			buildSettings = {
				ASSETCATALOG_COMPILER_APPICON_NAME = AppIcon;
				ASSETCATALOG_COMPILER_GLOBAL_ACCENT_COLOR_NAME = AccentColor;
				CODE_SIGN_ENTITLEMENTS = TestApp1/TestApp1.entitlements;
				CODE_SIGN_STYLE = Automatic;
				CURRENT_PROJECT_VERSION = 1;
				DEVELOPMENT_ASSET_PATHS = "\"TestApp1/Preview Content\"";
				ENABLE_PREVIEWS = YES;
				GENERATE_INFOPLIST_FILE = YES;
				"INFOPLIST_KEY_UIApplicationSceneManifest_Generation[sdk=iphoneos*]" = YES;
				"INFOPLIST_KEY_UIApplicationSceneManifest_Generation[sdk=iphonesimulator*]" = YES;
				"INFOPLIST_KEY_UIApplicationSupportsIndirectInputEvents[sdk=iphoneos*]" = YES;
				"INFOPLIST_KEY_UIApplicationSupportsIndirectInputEvents[sdk=iphonesimulator*]" = YES;
				"INFOPLIST_KEY_UILaunchScreen_Generation[sdk=iphoneos*]" = YES;
				"INFOPLIST_KEY_UILaunchScreen_Generation[sdk=iphonesimulator*]" = YES;
				"INFOPLIST_KEY_UIStatusBarStyle[sdk=iphoneos*]" = UIStatusBarStyleDefault;
				"INFOPLIST_KEY_UIStatusBarStyle[sdk=iphonesimulator*]" = UIStatusBarStyleDefault;
				INFOPLIST_KEY_UISupportedInterfaceOrientations_iPad = "UIInterfaceOrientationPortrait UIInterfaceOrientationPortraitUpsideDown UIInterfaceOrientationLandscapeLeft UIInterfaceOrientationLandscapeRight";
				INFOPLIST_KEY_UISupportedInterfaceOrientations_iPhone = "UIInterfaceOrientationPortrait UIInterfaceOrientationLandscapeLeft UIInterfaceOrientationLandscapeRight";
				IPHONEOS_DEPLOYMENT_TARGET = 16.2;
				LD_RUNPATH_SEARCH_PATHS = "@executable_path/Frameworks";
				"LD_RUNPATH_SEARCH_PATHS[sdk=macosx*]" = "@executable_path/../Frameworks";
				MACOSX_DEPLOYMENT_TARGET = 13.1;
				MARKETING_VERSION = 1.0;
				PRODUCT_BUNDLE_IDENTIFIER = Mingren.TestApp1;
				PRODUCT_NAME = "$(TARGET_NAME)";
				SDKROOT = auto;
				SUPPORTED_PLATFORMS = "iphoneos iphonesimulator macosx";
				SWIFT_EMIT_LOC_STRINGS = YES;
				SWIFT_VERSION = 5.0;
				TARGETED_DEVICE_FAMILY = "1,2";
			};
			name = Release;
		};
		70BE041E299C2781008BF35F /* Debug */ = {
			isa = XCBuildConfiguration;
			buildSettings = {
				ALWAYS_EMBED_SWIFT_STANDARD_LIBRARIES = YES;
				BUNDLE_LOADER = "$(TEST_HOST)";
				CODE_SIGN_STYLE = Automatic;
				CURRENT_PROJECT_VERSION = 1;
				GENERATE_INFOPLIST_FILE = YES;
				IPHONEOS_DEPLOYMENT_TARGET = 16.2;
				MACOSX_DEPLOYMENT_TARGET = 13.1;
				MARKETING_VERSION = 1.0;
				PRODUCT_BUNDLE_IDENTIFIER = Mingren.TestApp1Tests;
				PRODUCT_NAME = "$(TARGET_NAME)";
				SDKROOT = auto;
				SUPPORTED_PLATFORMS = "iphoneos iphonesimulator macosx";
				SWIFT_EMIT_LOC_STRINGS = NO;
				SWIFT_VERSION = 5.0;
				TARGETED_DEVICE_FAMILY = "1,2";
				TEST_HOST = "$(BUILT_PRODUCTS_DIR)/TestApp1.app/$(BUNDLE_EXECUTABLE_FOLDER_PATH)/TestApp1";
			};
			name = Debug;
		};
		70BE041F299C2781008BF35F /* Release */ = {
			isa = XCBuildConfiguration;
			buildSettings = {
				ALWAYS_EMBED_SWIFT_STANDARD_LIBRARIES = YES;
				BUNDLE_LOADER = "$(TEST_HOST)";
				CODE_SIGN_STYLE = Automatic;
				CURRENT_PROJECT_VERSION = 1;
				GENERATE_INFOPLIST_FILE = YES;
				IPHONEOS_DEPLOYMENT_TARGET = 16.2;
				MACOSX_DEPLOYMENT_TARGET = 13.1;
				MARKETING_VERSION = 1.0;
				PRODUCT_BUNDLE_IDENTIFIER = Mingren.TestApp1Tests;
				PRODUCT_NAME = "$(TARGET_NAME)";
				SDKROOT = auto;
				SUPPORTED_PLATFORMS = "iphoneos iphonesimulator macosx";
				SWIFT_EMIT_LOC_STRINGS = NO;
				SWIFT_VERSION = 5.0;
				TARGETED_DEVICE_FAMILY = "1,2";
				TEST_HOST = "$(BUILT_PRODUCTS_DIR)/TestApp1.app/$(BUNDLE_EXECUTABLE_FOLDER_PATH)/TestApp1";
			};
			name = Release;
		};
		70BE0421299C2781008BF35F /* Debug */ = {
			isa = XCBuildConfiguration;
			buildSettings = {
				ALWAYS_EMBED_SWIFT_STANDARD_LIBRARIES = YES;
				CODE_SIGN_STYLE = Automatic;
				CURRENT_PROJECT_VERSION = 1;
				GENERATE_INFOPLIST_FILE = YES;
				IPHONEOS_DEPLOYMENT_TARGET = 16.2;
				MACOSX_DEPLOYMENT_TARGET = 13.1;
				MARKETING_VERSION = 1.0;
				PRODUCT_BUNDLE_IDENTIFIER = Mingren.TestApp1UITests;
				PRODUCT_NAME = "$(TARGET_NAME)";
				SDKROOT = auto;
				SUPPORTED_PLATFORMS = "iphoneos iphonesimulator macosx";
				SWIFT_EMIT_LOC_STRINGS = NO;
				SWIFT_VERSION = 5.0;
				TARGETED_DEVICE_FAMILY = "1,2";
				TEST_TARGET_NAME = TestApp1;
			};
			name = Debug;
		};
		70BE0422299C2781008BF35F /* Release */ = {
			isa = XCBuildConfiguration;
			buildSettings = {
				ALWAYS_EMBED_SWIFT_STANDARD_LIBRARIES = YES;
				CODE_SIGN_STYLE = Automatic;
				CURRENT_PROJECT_VERSION = 1;
				GENERATE_INFOPLIST_FILE = YES;
				IPHONEOS_DEPLOYMENT_TARGET = 16.2;
				MACOSX_DEPLOYMENT_TARGET = 13.1;
				MARKETING_VERSION = 1.0;
				PRODUCT_BUNDLE_IDENTIFIER = Mingren.TestApp1UITests;
				PRODUCT_NAME = "$(TARGET_NAME)";
				SDKROOT = auto;
				SUPPORTED_PLATFORMS = "iphoneos iphonesimulator macosx";
				SWIFT_EMIT_LOC_STRINGS = NO;
				SWIFT_VERSION = 5.0;
				TARGETED_DEVICE_FAMILY = "1,2";
				TEST_TARGET_NAME = TestApp1;
			};
			name = Release;
		};
/* End XCBuildConfiguration section */

/* Begin XCConfigurationList section */
		70BE03F0299C277D008BF35F /* Build configuration list for PBXProject "TestApp1" */ = {
			isa = XCConfigurationList;
			buildConfigurations = (
				70BE0418299C2781008BF35F /* Debug */,
				70BE0419299C2781008BF35F /* Release */,
			);
			defaultConfigurationIsVisible = 0;
			defaultConfigurationName = Release;
		};
		70BE041A299C2781008BF35F /* Build configuration list for PBXNativeTarget "TestApp1" */ = {
			isa = XCConfigurationList;
			buildConfigurations = (
				70BE041B299C2781008BF35F /* Debug */,
				70BE041C299C2781008BF35F /* Release */,
			);
			defaultConfigurationIsVisible = 0;
			defaultConfigurationName = Release;
		};
		70BE041D299C2781008BF35F /* Build configuration list for PBXNativeTarget "TestApp1Tests" */ = {
			isa = XCConfigurationList;
			buildConfigurations = (
				70BE041E299C2781008BF35F /* Debug */,
				70BE041F299C2781008BF35F /* Release */,
			);
			defaultConfigurationIsVisible = 0;
			defaultConfigurationName = Release;
		};
		70BE0420299C2781008BF35F /* Build configuration list for PBXNativeTarget "TestApp1UITests" */ = {
			isa = XCConfigurationList;
			buildConfigurations = (
				70BE0421299C2781008BF35F /* Debug */,
				70BE0422299C2781008BF35F /* Release */,
			);
			defaultConfigurationIsVisible = 0;
			defaultConfigurationName = Release;
		};
/* End XCConfigurationList section */
	};
	rootObject = 70BE03ED299C277D008BF35F /* Project object */;
}
